
Microsoft Visual Studio Solution File, Format Version 12.00
# Visual Studio 14
VisualStudioVersion = 14.0.25420.1
MinimumVisualStudioVersion = 10.0.40219.1
Project("{FAE04EC0-301F-11D3-BF4B-00C04F79EFBC}") = "WebShop", "WebShop\WebShop.csproj", "{C119741E-C328-4E53-BC9C-78AC0D254020}"
EndProject
Project("{FAE04EC0-301F-11D3-BF4B-00C04F79EFBC}") = "Model", "Model\Model.csproj", "{702782E9-16A2-4036-9302-5A8D34F22819}"
EndProject
Project("{FAE04EC0-301F-11D3-BF4B-00C04F79EFBC}") = "Common", "Common\Common.csproj", "{0F2CD3CE-A81B-479B-8058-D3BB27B3B3D1}"
EndProject
Global
	GlobalSection(SolutionConfigurationPlatforms) = preSolution
		Debug|Any CPU = Debug|Any CPU
		Release|Any CPU = Release|Any CPU
	EndGlobalSection
	GlobalSection(ProjectConfigurationPlatforms) = postSolution
		{C119741E-C328-4E53-BC9C-78AC0D254020}.Debug|Any CPU.ActiveCfg = Debug|Any CPU
		{C119741E-C328-4E53-BC9C-78AC0D254020}.Debug|Any CPU.Build.0 = Debug|Any CPU
		{C119741E-C328-4E53-BC9C-78AC0D254020}.Release|Any CPU.ActiveCfg = Release|Any CPU
		{C119741E-C328-4E53-BC9C-78AC0D254020}.Release|Any CPU.Build.0 = Release|Any CPU
		{702782E9-16A2-4036-9302-5A8D34F22819}.Debug|Any CPU.ActiveCfg = Debug|Any CPU
		{702782E9-16A2-4036-9302-5A8D34F22819}.Debug|Any CPU.Build.0 = Debug|Any CPU
		{702782E9-16A2-4036-9302-5A8D34F22819}.Release|Any CPU.ActiveCfg = Release|Any CPU
		{702782E9-16A2-4036-9302-5A8D34F22819}.Release|Any CPU.Build.0 = Release|Any CPU
		{0F2CD3CE-A81B-479B-8058-D3BB27B3B3D1}.Debug|Any CPU.ActiveCfg = Debug|Any CPU
		{0F2CD3CE-A81B-479B-8058-D3BB27B3B3D1}.Debug|Any CPU.Build.0 = Debug|Any CPU
		{0F2CD3CE-A81B-479B-8058-D3BB27B3B3D1}.Release|Any CPU.ActiveCfg = Release|Any CPU
		{0F2CD3CE-A81B-479B-8058-D3BB27B3B3D1}.Release|Any CPU.Build.0 = Release|Any CPU
	EndGlobalSection
	GlobalSection(SolutionProperties) = preSolution
		HideSolutionNode = FALSE
	EndGlobalSection
EndGlobal
